
Microsoft Visual Studio Solution File, Format Version 12.00
# Visual Studio Version 16
VisualStudioVersion = 16.0.30907.101
MinimumVisualStudioVersion = 10.0.40219.1
Project("{FAE04EC0-301F-11D3-BF4B-00C04F79EFBC}") = "RegistroAlumno", "RegistroAlumno\RegistroAlumno.csproj", "{33BA953B-143D-42A0-99B1-AC3C9926F2FF}"
EndProject
Global
	GlobalSection(SolutionConfigurationPlatforms) = preSolution
		Debug|Any CPU = Debug|Any CPU
		Release|Any CPU = Release|Any CPU
	EndGlobalSection
	GlobalSection(ProjectConfigurationPlatforms) = postSolution
		{33BA953B-143D-42A0-99B1-AC3C9926F2FF}.Debug|Any CPU.ActiveCfg = Debug|Any CPU
		{33BA953B-143D-42A0-99B1-AC3C9926F2FF}.Debug|Any CPU.Build.0 = Debug|Any CPU
		{33BA953B-143D-42A0-99B1-AC3C9926F2FF}.Release|Any CPU.ActiveCfg = Release|Any CPU
		{33BA953B-143D-42A0-99B1-AC3C9926F2FF}.Release|Any CPU.Build.0 = Release|Any CPU
	EndGlobalSection
	GlobalSection(SolutionProperties) = preSolution
		HideSolutionNode = FALSE
	EndGlobalSection
	GlobalSection(ExtensibilityGlobals) = postSolution
		SolutionGuid = {B1FD5CF9-BDC8-4CED-9749-5BC09F972057}
	EndGlobalSection
EndGlobal
